
Microsoft Visual Studio Solution File, Format Version 12.00
# Visual Studio Version 17
VisualStudioVersion = 17.11.35312.102
MinimumVisualStudioVersion = 10.0.40219.1
Project("{FAE04EC0-301F-11D3-BF4B-00C04F79EFBC}") = "Попытка3", "Попытка3\Попытка3.csproj", "{79E8DB7B-C505-472D-AC0B-CB06BDBEC80C}"
EndProject
Global
	GlobalSection(SolutionConfigurationPlatforms) = preSolution
		Debug|Any CPU = Debug|Any CPU
		Release|Any CPU = Release|Any CPU
	EndGlobalSection
	GlobalSection(ProjectConfigurationPlatforms) = postSolution
		{79E8DB7B-C505-472D-AC0B-CB06BDBEC80C}.Debug|Any CPU.ActiveCfg = Debug|Any CPU
		{79E8DB7B-C505-472D-AC0B-CB06BDBEC80C}.Debug|Any CPU.Build.0 = Debug|Any CPU
		{79E8DB7B-C505-472D-AC0B-CB06BDBEC80C}.Release|Any CPU.ActiveCfg = Release|Any CPU
		{79E8DB7B-C505-472D-AC0B-CB06BDBEC80C}.Release|Any CPU.Build.0 = Release|Any CPU
	EndGlobalSection
	GlobalSection(SolutionProperties) = preSolution
		HideSolutionNode = FALSE
	EndGlobalSection
	GlobalSection(ExtensibilityGlobals) = postSolution
		SolutionGuid = {6465936B-6C74-414E-85F7-791C0E896234}
	EndGlobalSection
EndGlobal
